
Microsoft Visual Studio Solution File, Format Version 12.00
# Visual Studio Version 16
VisualStudioVersion = 16.0.31424.327
MinimumVisualStudioVersion = 10.0.40219.1
Project("{FAE04EC0-301F-11D3-BF4B-00C04F79EFBC}") = "WebMvcFacilitado", "WebMvcFacilitado\WebMvcFacilitado.csproj", "{1EFBEDA8-36FD-41DB-960E-58F0DD99A4DD}"
EndProject
Global
	GlobalSection(SolutionConfigurationPlatforms) = preSolution
		Debug|Any CPU = Debug|Any CPU
		Release|Any CPU = Release|Any CPU
	EndGlobalSection
	GlobalSection(ProjectConfigurationPlatforms) = postSolution
		{1EFBEDA8-36FD-41DB-960E-58F0DD99A4DD}.Debug|Any CPU.ActiveCfg = Debug|Any CPU
		{1EFBEDA8-36FD-41DB-960E-58F0DD99A4DD}.Debug|Any CPU.Build.0 = Debug|Any CPU
		{1EFBEDA8-36FD-41DB-960E-58F0DD99A4DD}.Release|Any CPU.ActiveCfg = Release|Any CPU
		{1EFBEDA8-36FD-41DB-960E-58F0DD99A4DD}.Release|Any CPU.Build.0 = Release|Any CPU
	EndGlobalSection
	GlobalSection(SolutionProperties) = preSolution
		HideSolutionNode = FALSE
	EndGlobalSection
	GlobalSection(ExtensibilityGlobals) = postSolution
		SolutionGuid = {ABFDEF68-6153-4B1A-A6EB-5763B15D3ADD}
	EndGlobalSection
EndGlobal
